// !$*UTF8*$!
{
	archiveVersion = 1;
	classes = {
	};
	objectVersion = 56;
	objects = {

/* Begin PBXBuildFile section */
		D94930152A17CDA200B2D7B7 /* OrderConfirmationViewController.swift in Sources */ = {isa = PBXBuildFile; fileRef = D94930142A17CDA200B2D7B7 /* OrderConfirmationViewController.swift */; };
		D9A3F5CD2A168A43004E37D0 /* AppDelegate.swift in Sources */ = {isa = PBXBuildFile; fileRef = D9A3F5CC2A168A43004E37D0 /* AppDelegate.swift */; };
		D9A3F5CF2A168A43004E37D0 /* SceneDelegate.swift in Sources */ = {isa = PBXBuildFile; fileRef = D9A3F5CE2A168A43004E37D0 /* SceneDelegate.swift */; };
		D9A3F5D12A168A43004E37D0 /* ViewController.swift in Sources */ = {isa = PBXBuildFile; fileRef = D9A3F5D02A168A43004E37D0 /* ViewController.swift */; };
		D9A3F5D42A168A43004E37D0 /* Main.storyboard in Resources */ = {isa = PBXBuildFile; fileRef = D9A3F5D22A168A43004E37D0 /* Main.storyboard */; };
		D9A3F5D62A168A44004E37D0 /* Assets.xcassets in Resources */ = {isa = PBXBuildFile; fileRef = D9A3F5D52A168A44004E37D0 /* Assets.xcassets */; };
		D9A3F5D92A168A44004E37D0 /* LaunchScreen.storyboard in Resources */ = {isa = PBXBuildFile; fileRef = D9A3F5D72A168A44004E37D0 /* LaunchScreen.storyboard */; };
		D9A3F5E12A168F4A004E37D0 /* CategoryTableViewController.swift in Sources */ = {isa = PBXBuildFile; fileRef = D9A3F5E02A168F4A004E37D0 /* CategoryTableViewController.swift */; };
		D9A3F5E32A168F6A004E37D0 /* MenuTableViewController.swift in Sources */ = {isa = PBXBuildFile; fileRef = D9A3F5E22A168F6A004E37D0 /* MenuTableViewController.swift */; };
		D9A3F5E52A168F7C004E37D0 /* OrderTableViewController.swift in Sources */ = {isa = PBXBuildFile; fileRef = D9A3F5E42A168F7C004E37D0 /* OrderTableViewController.swift */; };
		D9A3F5E72A169146004E37D0 /* MenuItemDetailViewController.swift in Sources */ = {isa = PBXBuildFile; fileRef = D9A3F5E62A169146004E37D0 /* MenuItemDetailViewController.swift */; };
		D9A3F5EA2A1691C7004E37D0 /* MenuItem.swift in Sources */ = {isa = PBXBuildFile; fileRef = D9A3F5E92A1691C7004E37D0 /* MenuItem.swift */; };
		D9A3F5EC2A169304004E37D0 /* ResponseModels.swift in Sources */ = {isa = PBXBuildFile; fileRef = D9A3F5EB2A169304004E37D0 /* ResponseModels.swift */; };
		D9A3F5EE2A1693B9004E37D0 /* Order.swift in Sources */ = {isa = PBXBuildFile; fileRef = D9A3F5ED2A1693B9004E37D0 /* Order.swift */; };
		D9A3F5F02A16942A004E37D0 /* MenuController.swift in Sources */ = {isa = PBXBuildFile; fileRef = D9A3F5EF2A16942A004E37D0 /* MenuController.swift */; };
/* End PBXBuildFile section */

/* Begin PBXFileReference section */
		D94930142A17CDA200B2D7B7 /* OrderConfirmationViewController.swift */ = {isa = PBXFileReference; lastKnownFileType = sourcecode.swift; path = OrderConfirmationViewController.swift; sourceTree = "<group>"; };
		D9A3F5C92A168A43004E37D0 /* OrderApp.app */ = {isa = PBXFileReference; explicitFileType = wrapper.application; includeInIndex = 0; path = OrderApp.app; sourceTree = BUILT_PRODUCTS_DIR; };
		D9A3F5CC2A168A43004E37D0 /* AppDelegate.swift */ = {isa = PBXFileReference; lastKnownFileType = sourcecode.swift; path = AppDelegate.swift; sourceTree = "<group>"; };
		D9A3F5CE2A168A43004E37D0 /* SceneDelegate.swift */ = {isa = PBXFileReference; lastKnownFileType = sourcecode.swift; path = SceneDelegate.swift; sourceTree = "<group>"; };
		D9A3F5D02A168A43004E37D0 /* ViewController.swift */ = {isa = PBXFileReference; lastKnownFileType = sourcecode.swift; path = ViewController.swift; sourceTree = "<group>"; };
		D9A3F5D32A168A43004E37D0 /* Base */ = {isa = PBXFileReference; lastKnownFileType = file.storyboard; name = Base; path = Base.lproj/Main.storyboard; sourceTree = "<group>"; };
		D9A3F5D52A168A44004E37D0 /* Assets.xcassets */ = {isa = PBXFileReference; lastKnownFileType = folder.assetcatalog; path = Assets.xcassets; sourceTree = "<group>"; };
		D9A3F5D82A168A44004E37D0 /* Base */ = {isa = PBXFileReference; lastKnownFileType = file.storyboard; name = Base; path = Base.lproj/LaunchScreen.storyboard; sourceTree = "<group>"; };
		D9A3F5DA2A168A44004E37D0 /* Info.plist */ = {isa = PBXFileReference; lastKnownFileType = text.plist.xml; path = Info.plist; sourceTree = "<group>"; };
		D9A3F5E02A168F4A004E37D0 /* CategoryTableViewController.swift */ = {isa = PBXFileReference; lastKnownFileType = sourcecode.swift; path = CategoryTableViewController.swift; sourceTree = "<group>"; };
		D9A3F5E22A168F6A004E37D0 /* MenuTableViewController.swift */ = {isa = PBXFileReference; lastKnownFileType = sourcecode.swift; path = MenuTableViewController.swift; sourceTree = "<group>"; };
		D9A3F5E42A168F7C004E37D0 /* OrderTableViewController.swift */ = {isa = PBXFileReference; lastKnownFileType = sourcecode.swift; path = OrderTableViewController.swift; sourceTree = "<group>"; };
		D9A3F5E62A169146004E37D0 /* MenuItemDetailViewController.swift */ = {isa = PBXFileReference; lastKnownFileType = sourcecode.swift; path = MenuItemDetailViewController.swift; sourceTree = "<group>"; };
		D9A3F5E92A1691C7004E37D0 /* MenuItem.swift */ = {isa = PBXFileReference; lastKnownFileType = sourcecode.swift; path = MenuItem.swift; sourceTree = "<group>"; };
		D9A3F5EB2A169304004E37D0 /* ResponseModels.swift */ = {isa = PBXFileReference; lastKnownFileType = sourcecode.swift; path = ResponseModels.swift; sourceTree = "<group>"; };
		D9A3F5ED2A1693B9004E37D0 /* Order.swift */ = {isa = PBXFileReference; lastKnownFileType = sourcecode.swift; path = Order.swift; sourceTree = "<group>"; };
		D9A3F5EF2A16942A004E37D0 /* MenuController.swift */ = {isa = PBXFileReference; lastKnownFileType = sourcecode.swift; path = MenuController.swift; sourceTree = "<group>"; };
/* End PBXFileReference section */

/* Begin PBXFrameworksBuildPhase section */
		D9A3F5C62A168A43004E37D0 /* Frameworks */ = {
			isa = PBXFrameworksBuildPhase;
			buildActionMask = 2147483647;
			files = (
			);
			runOnlyForDeploymentPostprocessing = 0;
		};
/* End PBXFrameworksBuildPhase section */

/* Begin PBXGroup section */
		D9A3F5C02A168A43004E37D0 = {
			isa = PBXGroup;
			children = (
				D9A3F5CB2A168A43004E37D0 /* OrderApp */,
				D9A3F5CA2A168A43004E37D0 /* Products */,
			);
			sourceTree = "<group>";
		};
		D9A3F5CA2A168A43004E37D0 /* Products */ = {
			isa = PBXGroup;
			children = (
				D9A3F5C92A168A43004E37D0 /* OrderApp.app */,
			);
			name = Products;
			sourceTree = "<group>";
		};
		D9A3F5CB2A168A43004E37D0 /* OrderApp */ = {
			isa = PBXGroup;
			children = (
				D9A3F5CC2A168A43004E37D0 /* AppDelegate.swift */,
				D9A3F5CE2A168A43004E37D0 /* SceneDelegate.swift */,
				D9A3F5D02A168A43004E37D0 /* ViewController.swift */,
				D9A3F5E02A168F4A004E37D0 /* CategoryTableViewController.swift */,
				D9A3F5E22A168F6A004E37D0 /* MenuTableViewController.swift */,
				D9A3F5E62A169146004E37D0 /* MenuItemDetailViewController.swift */,
				D9A3F5E42A168F7C004E37D0 /* OrderTableViewController.swift */,
				D94930142A17CDA200B2D7B7 /* OrderConfirmationViewController.swift */,
				D9A3F5D22A168A43004E37D0 /* Main.storyboard */,
				D9A3F5D52A168A44004E37D0 /* Assets.xcassets */,
				D9A3F5D72A168A44004E37D0 /* LaunchScreen.storyboard */,
				D9A3F5DA2A168A44004E37D0 /* Info.plist */,
				D9A3F5E92A1691C7004E37D0 /* MenuItem.swift */,
				D9A3F5EB2A169304004E37D0 /* ResponseModels.swift */,
				D9A3F5ED2A1693B9004E37D0 /* Order.swift */,
				D9A3F5EF2A16942A004E37D0 /* MenuController.swift */,
			);
			path = OrderApp;
			sourceTree = "<group>";
		};
/* End PBXGroup section */

/* Begin PBXNativeTarget section */
		D9A3F5C82A168A43004E37D0 /* OrderApp */ = {
			isa = PBXNativeTarget;
			buildConfigurationList = D9A3F5DD2A168A44004E37D0 /* Build configuration list for PBXNativeTarget "OrderApp" */;
			buildPhases = (
				D9A3F5C52A168A43004E37D0 /* Sources */,
				D9A3F5C62A168A43004E37D0 /* Frameworks */,
				D9A3F5C72A168A43004E37D0 /* Resources */,
			);
			buildRules = (
			);
			dependencies = (
			);
			name = OrderApp;
			productName = OrderApp;
			productReference = D9A3F5C92A168A43004E37D0 /* OrderApp.app */;
			productType = "com.apple.product-type.application";
		};
/* End PBXNativeTarget section */

/* Begin PBXProject section */
		D9A3F5C12A168A43004E37D0 /* Project object */ = {
			isa = PBXProject;
			attributes = {
				BuildIndependentTargetsInParallel = 1;
				LastSwiftUpdateCheck = 1430;
				LastUpgradeCheck = 1430;
				TargetAttributes = {
					D9A3F5C82A168A43004E37D0 = {
						CreatedOnToolsVersion = 14.3;
					};
				};
			};
			buildConfigurationList = D9A3F5C42A168A43004E37D0 /* Build configuration list for PBXProject "OrderApp" */;
			compatibilityVersion = "Xcode 14.0";
			developmentRegion = en;
			hasScannedForEncodings = 0;
			knownRegions = (
				en,
				Base,
			);
			mainGroup = D9A3F5C02A168A43004E37D0;
			productRefGroup = D9A3F5CA2A168A43004E37D0 /* Products */;
			projectDirPath = "";
			projectRoot = "";
			targets = (
				D9A3F5C82A168A43004E37D0 /* OrderApp */,
			);
		};
/* End PBXProject section */

/* Begin PBXResourcesBuildPhase section */
		D9A3F5C72A168A43004E37D0 /* Resources */ = {
			isa = PBXResourcesBuildPhase;
			buildActionMask = 2147483647;
			files = (
				D9A3F5D92A168A44004E37D0 /* LaunchScreen.storyboard in Resources */,
				D9A3F5D62A168A44004E37D0 /* Assets.xcassets in Resources */,
				D9A3F5D42A168A43004E37D0 /* Main.storyboard in Resources */,
			);
			runOnlyForDeploymentPostprocessing = 0;
		};
/* End PBXResourcesBuildPhase section */

/* Begin PBXSourcesBuildPhase section */
		D9A3F5C52A168A43004E37D0 /* Sources */ = {
			isa = PBXSourcesBuildPhase;
			buildActionMask = 2147483647;
			files = (
				D9A3F5D12A168A43004E37D0 /* ViewController.swift in Sources */,
				D9A3F5CD2A168A43004E37D0 /* AppDelegate.swift in Sources */,
				D9A3F5EE2A1693B9004E37D0 /* Order.swift in Sources */,
				D9A3F5E32A168F6A004E37D0 /* MenuTableViewController.swift in Sources */,
				D9A3F5E72A169146004E37D0 /* MenuItemDetailViewController.swift in Sources */,
				D9A3F5F02A16942A004E37D0 /* MenuController.swift in Sources */,
				D9A3F5CF2A168A43004E37D0 /* SceneDelegate.swift in Sources */,
				D9A3F5EC2A169304004E37D0 /* ResponseModels.swift in Sources */,
				D94930152A17CDA200B2D7B7 /* OrderConfirmationViewController.swift in Sources */,
				D9A3F5EA2A1691C7004E37D0 /* MenuItem.swift in Sources */,
				D9A3F5E52A168F7C004E37D0 /* OrderTableViewController.swift in Sources */,
				D9A3F5E12A168F4A004E37D0 /* CategoryTableViewController.swift in Sources */,
			);
			runOnlyForDeploymentPostprocessing = 0;
		};
/* End PBXSourcesBuildPhase section */

/* Begin PBXVariantGroup section */
		D9A3F5D22A168A43004E37D0 /* Main.storyboard */ = {
			isa = PBXVariantGroup;
			children = (
				D9A3F5D32A168A43004E37D0 /* Base */,
			);
			name = Main.storyboard;
			sourceTree = "<group>";
		};
		D9A3F5D72A168A44004E37D0 /* LaunchScreen.storyboard */ = {
			isa = PBXVariantGroup;
			children = (
				D9A3F5D82A168A44004E37D0 /* Base */,
			);
			name = LaunchScreen.storyboard;
			sourceTree = "<group>";
		};
/* End PBXVariantGroup section */

/* Begin XCBuildConfiguration section */
		D9A3F5DB2A168A44004E37D0 /* Debug */ = {
			isa = XCBuildConfiguration;
			buildSettings = {
				ALWAYS_SEARCH_USER_PATHS = NO;
				CLANG_ANALYZER_NONNULL = YES;
				CLANG_ANALYZER_NUMBER_OBJECT_CONVERSION = YES_AGGRESSIVE;
				CLANG_CXX_LANGUAGE_STANDARD = "gnu++20";
				CLANG_ENABLE_MODULES = YES;
				CLANG_ENABLE_OBJC_ARC = YES;
				CLANG_ENABLE_OBJC_WEAK = YES;
				CLANG_WARN_BLOCK_CAPTURE_AUTORELEASING = YES;
				CLANG_WARN_BOOL_CONVERSION = YES;
				CLANG_WARN_COMMA = YES;
				CLANG_WARN_CONSTANT_CONVERSION = YES;
				CLANG_WARN_DEPRECATED_OBJC_IMPLEMENTATIONS = YES;
				CLANG_WARN_DIRECT_OBJC_ISA_USAGE = YES_ERROR;
				CLANG_WARN_DOCUMENTATION_COMMENTS = YES;
				CLANG_WARN_EMPTY_BODY = YES;
				CLANG_WARN_ENUM_CONVERSION = YES;
				CLANG_WARN_INFINITE_RECURSION = YES;
				CLANG_WARN_INT_CONVERSION = YES;
				CLANG_WARN_NON_LITERAL_NULL_CONVERSION = YES;
				CLANG_WARN_OBJC_IMPLICIT_RETAIN_SELF = YES;
				CLANG_WARN_OBJC_LITERAL_CONVERSION = YES;
				CLANG_WARN_OBJC_ROOT_CLASS = YES_ERROR;
				CLANG_WARN_QUOTED_INCLUDE_IN_FRAMEWORK_HEADER = YES;
				CLANG_WARN_RANGE_LOOP_ANALYSIS = YES;
				CLANG_WARN_STRICT_PROTOTYPES = YES;
				CLANG_WARN_SUSPICIOUS_MOVE = YES;
				CLANG_WARN_UNGUARDED_AVAILABILITY = YES_AGGRESSIVE;
				CLANG_WARN_UNREACHABLE_CODE = YES;
				CLANG_WARN__DUPLICATE_METHOD_MATCH = YES;
				COPY_PHASE_STRIP = NO;
				DEBUG_INFORMATION_FORMAT = dwarf;
				ENABLE_STRICT_OBJC_MSGSEND = YES;
				ENABLE_TESTABILITY = YES;
				GCC_C_LANGUAGE_STANDARD = gnu11;
				GCC_DYNAMIC_NO_PIC = NO;
				GCC_NO_COMMON_BLOCKS = YES;
				GCC_OPTIMIZATION_LEVEL = 0;
				GCC_PREPROCESSOR_DEFINITIONS = (
					"DEBUG=1",
					"$(inherited)",
				);
				GCC_WARN_64_TO_32_BIT_CONVERSION = YES;
				GCC_WARN_ABOUT_RETURN_TYPE = YES_ERROR;
				GCC_WARN_UNDECLARED_SELECTOR = YES;
				GCC_WARN_UNINITIALIZED_AUTOS = YES_AGGRESSIVE;
				GCC_WARN_UNUSED_FUNCTION = YES;
				GCC_WARN_UNUSED_VARIABLE = YES;
				IPHONEOS_DEPLOYMENT_TARGET = 16.4;
				MTL_ENABLE_DEBUG_INFO = INCLUDE_SOURCE;
				MTL_FAST_MATH = YES;
				ONLY_ACTIVE_ARCH = YES;
				SDKROOT = iphoneos;
				SWIFT_ACTIVE_COMPILATION_CONDITIONS = DEBUG;
				SWIFT_OPTIMIZATION_LEVEL = "-Onone";
			};
			name = Debug;
		};
		D9A3F5DC2A168A44004E37D0 /* Release */ = {
			isa = XCBuildConfiguration;
			buildSettings = {
				ALWAYS_SEARCH_USER_PATHS = NO;
				CLANG_ANALYZER_NONNULL = YES;
				CLANG_ANALYZER_NUMBER_OBJECT_CONVERSION = YES_AGGRESSIVE;
				CLANG_CXX_LANGUAGE_STANDARD = "gnu++20";
				CLANG_ENABLE_MODULES = YES;
				CLANG_ENABLE_OBJC_ARC = YES;
				CLANG_ENABLE_OBJC_WEAK = YES;
				CLANG_WARN_BLOCK_CAPTURE_AUTORELEASING = YES;
				CLANG_WARN_BOOL_CONVERSION = YES;
				CLANG_WARN_COMMA = YES;
				CLANG_WARN_CONSTANT_CONVERSION = YES;
				CLANG_WARN_DEPRECATED_OBJC_IMPLEMENTATIONS = YES;
				CLANG_WARN_DIRECT_OBJC_ISA_USAGE = YES_ERROR;
				CLANG_WARN_DOCUMENTATION_COMMENTS = YES;
				CLANG_WARN_EMPTY_BODY = YES;
				CLANG_WARN_ENUM_CONVERSION = YES;
				CLANG_WARN_INFINITE_RECURSION = YES;
				CLANG_WARN_INT_CONVERSION = YES;
				CLANG_WARN_NON_LITERAL_NULL_CONVERSION = YES;
				CLANG_WARN_OBJC_IMPLICIT_RETAIN_SELF = YES;
				CLANG_WARN_OBJC_LITERAL_CONVERSION = YES;
				CLANG_WARN_OBJC_ROOT_CLASS = YES_ERROR;
				CLANG_WARN_QUOTED_INCLUDE_IN_FRAMEWORK_HEADER = YES;
				CLANG_WARN_RANGE_LOOP_ANALYSIS = YES;
				CLANG_WARN_STRICT_PROTOTYPES = YES;
				CLANG_WARN_SUSPICIOUS_MOVE = YES;
				CLANG_WARN_UNGUARDED_AVAILABILITY = YES_AGGRESSIVE;
				CLANG_WARN_UNREACHABLE_CODE = YES;
				CLANG_WARN__DUPLICATE_METHOD_MATCH = YES;
				COPY_PHASE_STRIP = NO;
				DEBUG_INFORMATION_FORMAT = "dwarf-with-dsym";
				ENABLE_NS_ASSERTIONS = NO;
				ENABLE_STRICT_OBJC_MSGSEND = YES;
				GCC_C_LANGUAGE_STANDARD = gnu11;
				GCC_NO_COMMON_BLOCKS = YES;
				GCC_WARN_64_TO_32_BIT_CONVERSION = YES;
				GCC_WARN_ABOUT_RETURN_TYPE = YES_ERROR;
				GCC_WARN_UNDECLARED_SELECTOR = YES;
				GCC_WARN_UNINITIALIZED_AUTOS = YES_AGGRESSIVE;
				GCC_WARN_UNUSED_FUNCTION = YES;
				GCC_WARN_UNUSED_VARIABLE = YES;
				IPHONEOS_DEPLOYMENT_TARGET = 16.4;
				MTL_ENABLE_DEBUG_INFO = NO;
				MTL_FAST_MATH = YES;
				SDKROOT = iphoneos;
				SWIFT_COMPILATION_MODE = wholemodule;
				SWIFT_OPTIMIZATION_LEVEL = "-O";
				VALIDATE_PRODUCT = YES;
			};
			name = Release;
		};
		D9A3F5DE2A168A44004E37D0 /* Debug */ = {
			isa = XCBuildConfiguration;
			buildSettings = {
				ASSETCATALOG_COMPILER_APPICON_NAME = AppIcon;
				ASSETCATALOG_COMPILER_GLOBAL_ACCENT_COLOR_NAME = AccentColor;
				CODE_SIGN_STYLE = Automatic;
				CURRENT_PROJECT_VERSION = 1;
				DEVELOPMENT_TEAM = KMRDP9Z3DS;
				GENERATE_INFOPLIST_FILE = YES;
				INFOPLIST_FILE = OrderApp/Info.plist;
				INFOPLIST_KEY_UIApplicationSupportsIndirectInputEvents = YES;
				INFOPLIST_KEY_UILaunchStoryboardName = LaunchScreen;
				INFOPLIST_KEY_UIMainStoryboardFile = Main;
				INFOPLIST_KEY_UISupportedInterfaceOrientations_iPad = "UIInterfaceOrientationPortrait UIInterfaceOrientationPortraitUpsideDown UIInterfaceOrientationLandscapeLeft UIInterfaceOrientationLandscapeRight";
				INFOPLIST_KEY_UISupportedInterfaceOrientations_iPhone = "UIInterfaceOrientationPortrait UIInterfaceOrientationLandscapeLeft UIInterfaceOrientationLandscapeRight";
				LD_RUNPATH_SEARCH_PATHS = (
					"$(inherited)",
					"@executable_path/Frameworks",
				);
				MARKETING_VERSION = 1.0;
				PRODUCT_BUNDLE_IDENTIFIER = com.dm.OrderApp;
				PRODUCT_NAME = "$(TARGET_NAME)";
				SWIFT_EMIT_LOC_STRINGS = YES;
				SWIFT_VERSION = 5.0;
				TARGETED_DEVICE_FAMILY = "1,2";
			};
			name = Debug;
		};
		D9A3F5DF2A168A44004E37D0 /* Release */ = {
			isa = XCBuildConfiguration;
			buildSettings = {
				ASSETCATALOG_COMPILER_APPICON_NAME = AppIcon;
				ASSETCATALOG_COMPILER_GLOBAL_ACCENT_COLOR_NAME = AccentColor;
				CODE_SIGN_STYLE = Automatic;
				CURRENT_PROJECT_VERSION = 1;
				DEVELOPMENT_TEAM = KMRDP9Z3DS;
				GENERATE_INFOPLIST_FILE = YES;
				INFOPLIST_FILE = OrderApp/Info.plist;
				INFOPLIST_KEY_UIApplicationSupportsIndirectInputEvents = YES;
				INFOPLIST_KEY_UILaunchStoryboardName = LaunchScreen;
				INFOPLIST_KEY_UIMainStoryboardFile = Main;
				INFOPLIST_KEY_UISupportedInterfaceOrientations_iPad = "UIInterfaceOrientationPortrait UIInterfaceOrientationPortraitUpsideDown UIInterfaceOrientationLandscapeLeft UIInterfaceOrientationLandscapeRight";
				INFOPLIST_KEY_UISupportedInterfaceOrientations_iPhone = "UIInterfaceOrientationPortrait UIInterfaceOrientationLandscapeLeft UIInterfaceOrientationLandscapeRight";
				LD_RUNPATH_SEARCH_PATHS = (
					"$(inherited)",
					"@executable_path/Frameworks",
				);
				MARKETING_VERSION = 1.0;
				PRODUCT_BUNDLE_IDENTIFIER = com.dm.OrderApp;
				PRODUCT_NAME = "$(TARGET_NAME)";
				SWIFT_EMIT_LOC_STRINGS = YES;
				SWIFT_VERSION = 5.0;
				TARGETED_DEVICE_FAMILY = "1,2";
			};
			name = Release;
		};
/* End XCBuildConfiguration section */

/* Begin XCConfigurationList section */
		D9A3F5C42A168A43004E37D0 /* Build configuration list for PBXProject "OrderApp" */ = {
			isa = XCConfigurationList;
			buildConfigurations = (
				D9A3F5DB2A168A44004E37D0 /* Debug */,
				D9A3F5DC2A168A44004E37D0 /* Release */,
			);
			defaultConfigurationIsVisible = 0;
			defaultConfigurationName = Release;
		};
		D9A3F5DD2A168A44004E37D0 /* Build configuration list for PBXNativeTarget "OrderApp" */ = {
			isa = XCConfigurationList;
			buildConfigurations = (
				D9A3F5DE2A168A44004E37D0 /* Debug */,
				D9A3F5DF2A168A44004E37D0 /* Release */,
			);
			defaultConfigurationIsVisible = 0;
			defaultConfigurationName = Release;
		};
/* End XCConfigurationList section */
	};
	rootObject = D9A3F5C12A168A43004E37D0 /* Project object */;
}
